
Microsoft Visual Studio Solution File, Format Version 12.00
# Visual Studio Version 16
VisualStudioVersion = 16.0.31005.135
MinimumVisualStudioVersion = 10.0.40219.1
Project("{F184B08F-C81C-45F6-A57F-5ABD9991F28F}") = "String Labs", "String Labs\String Labs.vbproj", "{5958455E-B959-42ED-A92F-13DCBD5DC404}"
EndProject
Global
	GlobalSection(SolutionConfigurationPlatforms) = preSolution
		Debug|Any CPU = Debug|Any CPU
		Release|Any CPU = Release|Any CPU
	EndGlobalSection
	GlobalSection(ProjectConfigurationPlatforms) = postSolution
		{5958455E-B959-42ED-A92F-13DCBD5DC404}.Debug|Any CPU.ActiveCfg = Debug|Any CPU
		{5958455E-B959-42ED-A92F-13DCBD5DC404}.Debug|Any CPU.Build.0 = Debug|Any CPU
		{5958455E-B959-42ED-A92F-13DCBD5DC404}.Release|Any CPU.ActiveCfg = Release|Any CPU
		{5958455E-B959-42ED-A92F-13DCBD5DC404}.Release|Any CPU.Build.0 = Release|Any CPU
	EndGlobalSection
	GlobalSection(SolutionProperties) = preSolution
		HideSolutionNode = FALSE
	EndGlobalSection
	GlobalSection(ExtensibilityGlobals) = postSolution
		SolutionGuid = {B1EC322D-074F-4692-B859-FF9A0DEFF71A}
	EndGlobalSection
EndGlobal
